
Microsoft Visual Studio Solution File, Format Version 11.00
# Visual Studio 2010
Project("{8BC9CEB8-8B4A-11D0-8D11-00A0C91BC942}") = "fastKey", "C:\Users\Jesse\documents\visual studio 2010\Projects\fastKey\fastKey\fastKey.vcxproj", "{BF3FC0B7-BCE5-477A-9282-9493EEA6910A}"
EndProject
Global
	GlobalSection(SolutionConfigurationPlatforms) = preSolution
		Debug|Win32 = Debug|Win32
		Release|Win32 = Release|Win32
	EndGlobalSection
	GlobalSection(ProjectConfigurationPlatforms) = postSolution
		{BF3FC0B7-BCE5-477A-9282-9493EEA6910A}.Debug|Win32.ActiveCfg = Debug|Win32
		{BF3FC0B7-BCE5-477A-9282-9493EEA6910A}.Debug|Win32.Build.0 = Debug|Win32
		{BF3FC0B7-BCE5-477A-9282-9493EEA6910A}.Release|Win32.ActiveCfg = Release|Win32
		{BF3FC0B7-BCE5-477A-9282-9493EEA6910A}.Release|Win32.Build.0 = Release|Win32
	EndGlobalSection
	GlobalSection(SolutionProperties) = preSolution
		HideSolutionNode = FALSE
	EndGlobalSection
EndGlobal
